
Microsoft Visual Studio Solution File, Format Version 12.00
# Visual Studio Version 16
VisualStudioVersion = 16.0.29613.14
MinimumVisualStudioVersion = 10.0.40219.1
Project("{FAE04EC0-301F-11D3-BF4B-00C04F79EFBC}") = "OTPPInterview2022", "OTPPInterview2022\OTPPInterview2022.csproj", "{B411524C-C936-4800-9E59-C0177ADA6A89}"
EndProject
Global
	GlobalSection(SolutionConfigurationPlatforms) = preSolution
		Debug|Any CPU = Debug|Any CPU
		Release|Any CPU = Release|Any CPU
	EndGlobalSection
	GlobalSection(ProjectConfigurationPlatforms) = postSolution
		{B411524C-C936-4800-9E59-C0177ADA6A89}.Debug|Any CPU.ActiveCfg = Debug|Any CPU
		{B411524C-C936-4800-9E59-C0177ADA6A89}.Debug|Any CPU.Build.0 = Debug|Any CPU
		{B411524C-C936-4800-9E59-C0177ADA6A89}.Release|Any CPU.ActiveCfg = Release|Any CPU
		{B411524C-C936-4800-9E59-C0177ADA6A89}.Release|Any CPU.Build.0 = Release|Any CPU
	EndGlobalSection
	GlobalSection(SolutionProperties) = preSolution
		HideSolutionNode = FALSE
	EndGlobalSection
	GlobalSection(ExtensibilityGlobals) = postSolution
		SolutionGuid = {8CC592F9-0C4D-4311-87F6-010DC19715F7}
	EndGlobalSection
EndGlobal
